
Microsoft Visual Studio Solution File, Format Version 12.00
# Visual Studio 15
VisualStudioVersion = 15.0.27428.2015
MinimumVisualStudioVersion = 10.0.40219.1
Project("{8BC9CEB8-8B4A-11D0-8D11-00A0C91BC942}") = "EmeraldChlorophane", "EmeraldChlorophane\EmeraldChlorophane.vcxproj", "{18ABE37A-96DC-4E35-95C7-26617BAEB20F}"
EndProject
Global
	GlobalSection(SolutionConfigurationPlatforms) = preSolution
		Debug|x64 = Debug|x64
		Debug|x86 = Debug|x86
		Release|x64 = Release|x64
		Release|x86 = Release|x86
	EndGlobalSection
	GlobalSection(ProjectConfigurationPlatforms) = postSolution
		{18ABE37A-96DC-4E35-95C7-26617BAEB20F}.Debug|x64.ActiveCfg = Debug|x64
		{18ABE37A-96DC-4E35-95C7-26617BAEB20F}.Debug|x64.Build.0 = Debug|x64
		{18ABE37A-96DC-4E35-95C7-26617BAEB20F}.Debug|x86.ActiveCfg = Debug|Win32
		{18ABE37A-96DC-4E35-95C7-26617BAEB20F}.Debug|x86.Build.0 = Debug|Win32
		{18ABE37A-96DC-4E35-95C7-26617BAEB20F}.Release|x64.ActiveCfg = Release|x64
		{18ABE37A-96DC-4E35-95C7-26617BAEB20F}.Release|x64.Build.0 = Release|x64
		{18ABE37A-96DC-4E35-95C7-26617BAEB20F}.Release|x86.ActiveCfg = Release|Win32
		{18ABE37A-96DC-4E35-95C7-26617BAEB20F}.Release|x86.Build.0 = Release|Win32
	EndGlobalSection
	GlobalSection(SolutionProperties) = preSolution
		HideSolutionNode = FALSE
	EndGlobalSection
	GlobalSection(ExtensibilityGlobals) = postSolution
		SolutionGuid = {286E1A84-8CB9-4DEA-A204-CDFD43C613C1}
	EndGlobalSection
EndGlobal
